PODS:
  - RZIntrinsicContentSizeTextView (0.1.0):
    - RZUtils/Categories/UIView
  - RZUtils/Categories/UIView (2.4.0)

DEPENDENCIES:
  - RZIntrinsicContentSizeTextView (from `../`)

EXTERNAL SOURCES:
  RZIntrinsicContentSizeTextView:
    :path: ../

SPEC CHECKSUMS:
  RZIntrinsicContentSizeTextView: 11cb60e7e8dc251fc4b29b75197d5a2268e3f04b
  RZUtils: 51a759b13f362b49bdd426f96440c75249b16453

COCOAPODS: 0.36.0
